
Microsoft Visual Studio Solution File, Format Version 12.00
# Visual Studio Version 17
VisualStudioVersion = 17.2.32616.157
MinimumVisualStudioVersion = 10.0.40219.1
Project("{FAE04EC0-301F-11D3-BF4B-00C04F79EFBC}") = "ChickenTinder.Server", "ChickenTinder\Server\ChickenTinder.Server.csproj", "{FC3993B3-4408-4F2D-B53B-6DC62DD5CD54}"
EndProject
Project("{FAE04EC0-301F-11D3-BF4B-00C04F79EFBC}") = "ChickenTinder.Client", "ChickenTinder\Client\ChickenTinder.Client.csproj", "{40EF5A6E-648C-410E-971D-A83A475C750E}"
EndProject
Project("{FAE04EC0-301F-11D3-BF4B-00C04F79EFBC}") = "ChickenTinder.Shared", "ChickenTinder\Shared\ChickenTinder.Shared.csproj", "{A515A06A-3D98-42DA-A37F-F9E9E6C25C31}"
EndProject
Global
	GlobalSection(SolutionConfigurationPlatforms) = preSolution
		Debug|Any CPU = Debug|Any CPU
		Release|Any CPU = Release|Any CPU
	EndGlobalSection
	GlobalSection(ProjectConfigurationPlatforms) = postSolution
		{FC3993B3-4408-4F2D-B53B-6DC62DD5CD54}.Debug|Any CPU.ActiveCfg = Debug|Any CPU
		{FC3993B3-4408-4F2D-B53B-6DC62DD5CD54}.Debug|Any CPU.Build.0 = Debug|Any CPU
		{FC3993B3-4408-4F2D-B53B-6DC62DD5CD54}.Release|Any CPU.ActiveCfg = Release|Any CPU
		{FC3993B3-4408-4F2D-B53B-6DC62DD5CD54}.Release|Any CPU.Build.0 = Release|Any CPU
		{40EF5A6E-648C-410E-971D-A83A475C750E}.Debug|Any CPU.ActiveCfg = Debug|Any CPU
		{40EF5A6E-648C-410E-971D-A83A475C750E}.Debug|Any CPU.Build.0 = Debug|Any CPU
		{40EF5A6E-648C-410E-971D-A83A475C750E}.Release|Any CPU.ActiveCfg = Release|Any CPU
		{40EF5A6E-648C-410E-971D-A83A475C750E}.Release|Any CPU.Build.0 = Release|Any CPU
		{A515A06A-3D98-42DA-A37F-F9E9E6C25C31}.Debug|Any CPU.ActiveCfg = Debug|Any CPU
		{A515A06A-3D98-42DA-A37F-F9E9E6C25C31}.Debug|Any CPU.Build.0 = Debug|Any CPU
		{A515A06A-3D98-42DA-A37F-F9E9E6C25C31}.Release|Any CPU.ActiveCfg = Release|Any CPU
		{A515A06A-3D98-42DA-A37F-F9E9E6C25C31}.Release|Any CPU.Build.0 = Release|Any CPU
	EndGlobalSection
	GlobalSection(SolutionProperties) = preSolution
		HideSolutionNode = FALSE
	EndGlobalSection
	GlobalSection(ExtensibilityGlobals) = postSolution
		SolutionGuid = {48F3B54C-2C74-4ECE-997F-B72E061AF49F}
	EndGlobalSection
EndGlobal
